{
    "_meta": {
        "hash": {
            "sha256": "78a994cbb243d5ff38defa6055e45820003502ad5b14df46685de2a94c40b6b2"
        },
        "pipfile-spec": 6,
        "requires": {
            "python_version": "3.10"
        },
        "sources": [
            {
                "name": "pypi",
                "url": "https://pypi.org/simple",
                "verify_ssl": true
            }
        ]
    },
    "default": {
        "argparse-addons": {
            "hashes": [
                "sha256:48b70ecd719054fcb0d7e6f25a1fecc13607aac61d446e83f47d211b4ead0d61",
                "sha256:6322a0dcd706887e76308d23136d5b86da0eab75a282dc6496701d1210b460af"
            ],
            "markers": "python_version >= '3.6'",
            "version": "==0.12.0"
        },
        "bitstruct": {
            "hashes": [
                "sha256:eb94b40e4218a23aa8f90406b836a9e6ed83e48b8d112ce3f96408463bd1b874"
            ],
            "version": "==8.17.0"
        },
        "cantools": {
            "hashes": [
                "sha256:93bfe6f4bd652f369763ea9162b027a62f424a8400f2423d41137918ce68c68e",
                "sha256:e619622ebfa9bd7fc23769f0a0c75182e3b2b84954e0be6199689b57c26e4e45"
            ],
            "index": "pypi",
            "version": "==38.0.2"
        },
        "crccheck": {
            "hashes": [
                "sha256:278ec53d6f417f197f7e0e29b485093d4879b0bc7a2d29b657ef8242e633b48d",
                "sha256:5384f437de610ade5c3d8689efc80ccd1267b8c452ade83411fd8500a1024f3e"
            ],
            "version": "==1.3.0"
        },
        "diskcache": {
            "hashes": [
                "sha256:8879eb8c9b4a2509a5e633d2008634fb2b0b35c2b36192d89655dbde02419644",
                "sha256:af3ec6d7f167bbef7b6c33d9ee22f86d3e8f2dd7131eb7c4703d8d91ccdc0cc4"
            ],
            "markers": "python_version >= '3'",
            "version": "==5.4.0"
        },
        "gs-usb": {
            "hashes": [
                "sha256:1f488fd7cd09d753dff74b7d05349f07933dc556844e3cd9df02c4e4b746bf8f",
                "sha256:b7e5c8a367262fc2ca5f13f33bdc56e3b76b3dc01e0b8eeb82183dfb9b34312f"
            ],
            "index": "pypi",
            "version": "==0.3.0"
        },
        "libusb-package": {
            "hashes": [
                "sha256:006357d9433c6ec94898745e99f9045d5c3a20a87729b069c26fc231eb3ef0df",
                "sha256:0187bc90efa8064fcba651b966759a2e999ee1bfae2c6fcc7a9f01cef486c0ea",
                "sha256:04536844581ed51a969529b6b66257c82110201a7a9be02309f25718ed61ae8a",
                "sha256:057b2f3890e8059d323ae314f74ae871bde3f7d8f235c5f48bfe929bbd4d94f7",
                "sha256:0604f645645ab80aa2d9cca633a2f847cef015ef98f57a9c34a4c4ded056c017",
                "sha256:09693c679a82d003d0bce18ce3849ff938dddbfb9566a9dd094a599dc016ad0b",
                "sha256:0a34dd8f43e559fdc199bdd41aa017ce4f16eaa864596f11bf53822d83e2b992",
                "sha256:0f95eae9622715e702f4c83cd935b5699fa865df10084f67902c5338e948f5a2",
                "sha256:107dd09a6a7de07ad009f3ad6db176adc45164b1d813efdda158b5ae7a021d03",
                "sha256:192af99588adb3e9b61c5564b3db0fd6b201935547b58994c81aa5e10f9d2005",
                "sha256:1971d04f69360801261f6e2c4a323dba9b0079cac7e1924bbf27a307f1f2e4a1",
                "sha256:1c800c840142c7888984dac7168de70b858bfb830fa7e8dd5c492753143b071a",
                "sha256:1d47f6f232da72e4db3d006571df9217cdd2dc817fe618107467e72060703025",
                "sha256:1da991a4a1fdb21e605d5e39040bbeeeb721e328dacc44baaf7fc3f926b6268f",
                "sha256:209f2188ee93574029633b61d9c3a42af18444091d2da0bc6aefeb0d9976c93d",
                "sha256:27c8ec66cc4331e4ca54cda024576afb7b5c7adf4a7fda662aaab3fb96ef1db8",
                "sha256:31409a52880caa1d0c083bd8286043f2505f34c30be7c6f575fd0867cc249371",
                "sha256:35ce31a46878f0d721851be5b061212c45b710dd9e89d51a1e9c1a57850e0dee",
                "sha256:3671b1fff3841b9036c444e878df0c52eac3017c49365cf6dfb497a240b1f518",
                "sha256:389789a4441f775eb6194cad920aa2183bb815467c20dbf0dfea79ea7f4447c0",
                "sha256:3a11acec624468c4e941d001e1364c3bea0c6cfd898bdcba6fca4e69649af49a",
                "sha256:3b3079e0fcd6fccf561cd7dad4b67bd617dd71aa3da5d7babcb236e4a741a448",
                "sha256:3d00b007ffa02df15bcd38792a381d96be3840b7a8b21f76462202b6b62a667e",
                "sha256:3e7f43f33a4615f7a5e6d993f3c4846ccaa37bf24f0eaece1744a18aa960f962",
                "sha256:40bc1ab0a4dfb6bc90c3bad498b39dade626973a5c582e8b46fef7c467f1d421",
                "sha256:46cb5ea0fc6e1d38575b8faad7c5b54aa3c2c476579bd936bff3d594fe18c379",
                "sha256:473679bc3743dfcfdf64779a61fb02f10c16fb466b7c133739f8fb7352c3c8e0",
                "sha256:4c5ba36d46a6669405fb1f47e862e2c12dd7cfe94b91c1dd43ce6c877e16a00c",
                "sha256:4d6de0e6ce8475f01b0d68a2a4698c6585e03527b06bd6ff8fc169a17bc5c675",
                "sha256:541965e644774b71a3a91cc7d6e8d030f40404113015986daf169458f7407679",
                "sha256:5a32cb03d7c3e2d7ef61a119b1d83ad17b06ae4193248d8f30ab2393877d90c1",
                "sha256:5a586744a59e3870791c28f964568e211f5f44bb398ccb51b25f3565dd4666ad",
                "sha256:5b1cc31bc61eacee298a4988666f777b8b330886feb3f425bfcedb03805e1b7b",
                "sha256:5cd6829256e4ede9e29c4d5d397298b5b5ff393e13d9cf5a37728572a717f322",
                "sha256:611537ebf3937f916ba3af228052ced8e500d76608b304e15aec6c71c15ab8ca",
                "sha256:61a474977662a90bb1785938b8ed374c8c15f393860c3172a24991bd2325688f",
                "sha256:72fb2d5c3b5220a640382d23954181904420716ce765f985b8ead5589e99756e",
                "sha256:777c2f5b6a5bc03b7114994ac9ecc846195209c21a05fdd21827dc3241e5bae1",
                "sha256:7e09ffcea4174199668d2bdefb118632df254681a563fa620239cb27466a7dc1",
                "sha256:8282fd34fb1855aca782d58704b78cf072b18b43ba8e18892caf931110c7873c",
                "sha256:8b5e33e4dba73071283cb5f83a727f35cf3c34051ee4c0583110825d559c4939",
                "sha256:8b8685806099c98e4b62afb8788054ca5da863402b9bce901afd88e886b2ce21",
                "sha256:8d66fae9d93f5055ae1b5f65111d92839f6c22ac24428818a0fd65827b8f9d36",
                "sha256:955f13723dec10f8f12ec706307df08657ef6a6a686d7a0b13d797f228e11c3d",
                "sha256:95c1491c6968a4264c12731658fbe1f3a1de8fdccbea1a98566d1042c1bdea75",
                "sha256:a243ff027872e7e5c1073ef60c57a889272a4ff10f4634bdf165c0501056b574",
                "sha256:a398194ebdc14d69ff2b9807c207013525ce61c11284a8ed9b7805fd3d05f59b",
                "sha256:a6e3525f5865fac7c635987eff726970792e71402e758ed7a44ef89ce0025546",
                "sha256:a78572fa50a202f6ec19998326506ce0ad56df7413fac82b0f3eec849daf1e4a",
                "sha256:ad1631b9c98c6fbe948666f6b89650f545123e4dcf6741268d0e5337c1a8318e",
                "sha256:b22d95a6ab1d804ddf0a228b11014b499de8ad2a1504daf28dcf652bcfbef834",
                "sha256:bc591d5b321d1eba4514235423d22abd9916690b0a58204efc6fa8ed3611d5f2",
                "sha256:bd0409c4095f4253fe42876b6d0dbbf0587425c6899d86c7a1a514928271033c",
                "sha256:be716fcb9653b525c7b9a30241b29c4d5fef6bbe6273cbcb1a37cbb87cbb0f42",
                "sha256:bfd673364dad5b61b5af749043e0f964b789a989771ac98b4ba12401557c6392",
                "sha256:c2aa8afd85b3845e6c697490bbff3ad36be9cc71e81ab5c97b6b88721fb34d68",
                "sha256:c9be2ed7eb1bbeb1ca218603ee2a525e22e3e6f40042fde6b5cc265788927697",
                "sha256:d5f224fc1f9f0a4bcb847e1592b3fb33d33f84934f5af653960580184d128b3c",
                "sha256:d7a2244a0bdc43113a80ff9e5119000e73d7cb7515b3c57603fbffa09ade441a",
                "sha256:dac3652cc078e7a0fbdb40cbab75a9111c53187d89b5a0f7f783c4fccf21b89c",
                "sha256:dbbce6933d808e0eed07769e60317646f58590468a4011ae83d133bba943bfa3",
                "sha256:e2aaf43ec45bae11267a17b981ae57c6f1a3a83f140c6f44eb7f7ccb0d589019",
                "sha256:e33177f37e3d0ba4a541c60d7da1d26ce6e6f9cf8b91c6f20f09751fe7e9a4a6",
                "sha256:e3dcbcf1da5b798b25fb5d4254fef61ee7fa04673673d868b530eca3644b8bb8",
                "sha256:f235c0184166fb4937ebf700f1dbf394dd7c03949ec5b587318f464c2be8d3d8"
            ],
            "index": "pypi",
            "version": "==1.0.26.1"
        },
        "packaging": {
            "hashes": [
                "sha256:714ac14496c3e68c99c29b00845f7a2b85f3bb6f1078fd9f72fd20f0570002b2",
                "sha256:b6ad297f8907de0fa2fe1ccbd26fdaf387f5f47c7275fedf8cce89f99446cf97"
            ],
            "markers": "python_version >= '3.7'",
            "version": "==23.0"
        },
        "python-can": {
            "hashes": [
                "sha256:3f2b6b0dc5f459591d171ee0c0136dce79acedc2740ce695024aa3444e911bb9",
                "sha256:fe9130564973227bb4649e645f08c830b274233ea5e6b1512abef9d16749ea43"
            ],
            "markers": "python_version >= '3.7'",
            "version": "==4.1.0"
        },
        "pyusb": {
            "hashes": [
                "sha256:2b4c7cb86dbadf044dfb9d3a4ff69fd217013dbe78a792177a3feb172449ea36",
                "sha256:a4cc7404a203144754164b8b40994e2849fde1cfff06b08492f12fff9d9de7b9"
            ],
            "markers": "python_full_version >= '3.6.0'",
            "version": "==1.2.1"
        },
        "pywin32": {
            "hashes": [
                "sha256:109f98980bfb27e78f4df8a51a8198e10b0f347257d1e265bb1a32993d0c973d",
                "sha256:13362cc5aa93c2beaf489c9c9017c793722aeb56d3e5166dadd5ef82da021fe1",
                "sha256:19ca459cd2e66c0e2cc9a09d589f71d827f26d47fe4a9d09175f6aa0256b51c2",
                "sha256:326f42ab4cfff56e77e3e595aeaf6c216712bbdd91e464d167c6434b28d65990",
                "sha256:421f6cd86e84bbb696d54563c48014b12a23ef95a14e0bdba526be756d89f116",
                "sha256:48d8b1659284f3c17b68587af047d110d8c44837736b8932c034091683e05863",
                "sha256:4ecd404b2c6eceaca52f8b2e3e91b2187850a1ad3f8b746d0796a98b4cea04db",
                "sha256:50768c6b7c3f0b38b7fb14dd4104da93ebced5f1a50dc0e834594bff6fbe1271",
                "sha256:56d7a9c6e1a6835f521788f53b5af7912090674bb84ef5611663ee1595860fc7",
                "sha256:73e819c6bed89f44ff1d690498c0a811948f73777e5f97c494c152b850fad478",
                "sha256:742eb905ce2187133a29365b428e6c3b9001d79accdc30aa8969afba1d8470f4",
                "sha256:9d968c677ac4d5cbdaa62fd3014ab241718e619d8e36ef8e11fb930515a1e918",
                "sha256:9dd98384da775afa009bc04863426cb30596fd78c6f8e4e2e5bbf4edf8029504",
                "sha256:a55db448124d1c1484df22fa8bbcbc45c64da5e6eae74ab095b9ea62e6d00496"
            ],
            "markers": "platform_system == 'Windows' and platform_python_implementation == 'CPython'",
            "version": "==305"
        },
        "setuptools": {
            "hashes": [
                "sha256:e5fd0a713141a4a105412233c63dc4e17ba0090c8e8334594ac790ec97792330",
                "sha256:f106dee1b506dee5102cc3f3e9e68137bbad6d47b616be7991714b0c62204251"
            ],
            "markers": "python_version >= '3.7'",
            "version": "==67.4.0"
        },
        "textparser": {
            "hashes": [
                "sha256:379d25cdb21332f403bfa37b9ef11192b7796340d2602d88fc9246bfdba2a1cf",
                "sha256:56f708e75aa9d002adb76d823ba6ef166d7ecec1e3e4ca4c1ca103f817568335"
            ],
            "version": "==0.24.0"
        },
        "typing-extensions": {
            "hashes": [
                "sha256:5cb5f4a79139d699607b3ef622a1dedafa84e115ab0024e0d9c044a9479ca7cb",
                "sha256:fb33085c39dd998ac16d1431ebc293a8b3eedd00fd4a32de0ff79002c19511b4"
            ],
            "markers": "python_version >= '3.7'",
            "version": "==4.5.0"
        },
        "wrapt": {
            "hashes": [
                "sha256:00b6d4ea20a906c0ca56d84f93065b398ab74b927a7a3dbd470f6fc503f95dc3",
                "sha256:01c205616a89d09827986bc4e859bcabd64f5a0662a7fe95e0d359424e0e071b",
                "sha256:02b41b633c6261feff8ddd8d11c711df6842aba629fdd3da10249a53211a72c4",
                "sha256:07f7a7d0f388028b2df1d916e94bbb40624c59b48ecc6cbc232546706fac74c2",
                "sha256:11871514607b15cfeb87c547a49bca19fde402f32e2b1c24a632506c0a756656",
                "sha256:1b376b3f4896e7930f1f772ac4b064ac12598d1c38d04907e696cc4d794b43d3",
                "sha256:21ac0156c4b089b330b7666db40feee30a5d52634cc4560e1905d6529a3897ff",
                "sha256:257fd78c513e0fb5cdbe058c27a0624c9884e735bbd131935fd49e9fe719d310",
                "sha256:2b39d38039a1fdad98c87279b48bc5dce2c0ca0d73483b12cb72aa9609278e8a",
                "sha256:2cf71233a0ed05ccdabe209c606fe0bac7379fdcf687f39b944420d2a09fdb57",
                "sha256:2fe803deacd09a233e4762a1adcea5db5d31e6be577a43352936179d14d90069",
                "sha256:3232822c7d98d23895ccc443bbdf57c7412c5a65996c30442ebe6ed3df335383",
                "sha256:34aa51c45f28ba7f12accd624225e2b1e5a3a45206aa191f6f9aac931d9d56fe",
                "sha256:36f582d0c6bc99d5f39cd3ac2a9062e57f3cf606ade29a0a0d6b323462f4dd87",
                "sha256:380a85cf89e0e69b7cfbe2ea9f765f004ff419f34194018a6827ac0e3edfed4d",
                "sha256:40e7bc81c9e2b2734ea4bc1aceb8a8f0ceaac7c5299bc5d69e37c44d9081d43b",
                "sha256:43ca3bbbe97af00f49efb06e352eae40434ca9d915906f77def219b88e85d907",
                "sha256:4fcc4649dc762cddacd193e6b55bc02edca674067f5f98166d7713b193932b7f",
                "sha256:5a0f54ce2c092aaf439813735584b9537cad479575a09892b8352fea5e988dc0",
                "sha256:5a9a0d155deafd9448baff28c08e150d9b24ff010e899311ddd63c45c2445e28",
                "sha256:5b02d65b9ccf0ef6c34cba6cf5bf2aab1bb2f49c6090bafeecc9cd81ad4ea1c1",
                "sha256:60db23fa423575eeb65ea430cee741acb7c26a1365d103f7b0f6ec412b893853",
                "sha256:642c2e7a804fcf18c222e1060df25fc210b9c58db7c91416fb055897fc27e8cc",
                "sha256:6a9a25751acb379b466ff6be78a315e2b439d4c94c1e99cb7266d40a537995d3",
                "sha256:6b1a564e6cb69922c7fe3a678b9f9a3c54e72b469875aa8018f18b4d1dd1adf3",
                "sha256:6d323e1554b3d22cfc03cd3243b5bb815a51f5249fdcbb86fda4bf62bab9e164",
                "sha256:6e743de5e9c3d1b7185870f480587b75b1cb604832e380d64f9504a0535912d1",
                "sha256:709fe01086a55cf79d20f741f39325018f4df051ef39fe921b1ebe780a66184c",
                "sha256:7b7c050ae976e286906dd3f26009e117eb000fb2cf3533398c5ad9ccc86867b1",
                "sha256:7d2872609603cb35ca513d7404a94d6d608fc13211563571117046c9d2bcc3d7",
                "sha256:7ef58fb89674095bfc57c4069e95d7a31cfdc0939e2a579882ac7d55aadfd2a1",
                "sha256:80bb5c256f1415f747011dc3604b59bc1f91c6e7150bd7db03b19170ee06b320",
                "sha256:81b19725065dcb43df02b37e03278c011a09e49757287dca60c5aecdd5a0b8ed",
                "sha256:833b58d5d0b7e5b9832869f039203389ac7cbf01765639c7309fd50ef619e0b1",
                "sha256:88bd7b6bd70a5b6803c1abf6bca012f7ed963e58c68d76ee20b9d751c74a3248",
                "sha256:8ad85f7f4e20964db4daadcab70b47ab05c7c1cf2a7c1e51087bfaa83831854c",
                "sha256:8c0ce1e99116d5ab21355d8ebe53d9460366704ea38ae4d9f6933188f327b456",
                "sha256:8d649d616e5c6a678b26d15ece345354f7c2286acd6db868e65fcc5ff7c24a77",
                "sha256:903500616422a40a98a5a3c4ff4ed9d0066f3b4c951fa286018ecdf0750194ef",
                "sha256:9736af4641846491aedb3c3f56b9bc5568d92b0692303b5a305301a95dfd38b1",
                "sha256:988635d122aaf2bdcef9e795435662bcd65b02f4f4c1ae37fbee7401c440b3a7",
                "sha256:9cca3c2cdadb362116235fdbd411735de4328c61425b0aa9f872fd76d02c4e86",
                "sha256:9e0fd32e0148dd5dea6af5fee42beb949098564cc23211a88d799e434255a1f4",
                "sha256:9f3e6f9e05148ff90002b884fbc2a86bd303ae847e472f44ecc06c2cd2fcdb2d",
                "sha256:a85d2b46be66a71bedde836d9e41859879cc54a2a04fad1191eb50c2066f6e9d",
                "sha256:a9a52172be0b5aae932bef82a79ec0a0ce87288c7d132946d645eba03f0ad8a8",
                "sha256:aa31fdcc33fef9eb2552cbcbfee7773d5a6792c137b359e82879c101e98584c5",
                "sha256:b014c23646a467558be7da3d6b9fa409b2c567d2110599b7cf9a0c5992b3b471",
                "sha256:b21bb4c09ffabfa0e85e3a6b623e19b80e7acd709b9f91452b8297ace2a8ab00",
                "sha256:b5901a312f4d14c59918c221323068fad0540e34324925c8475263841dbdfe68",
                "sha256:b9b7a708dd92306328117d8c4b62e2194d00c365f18eff11a9b53c6f923b01e3",
                "sha256:d1967f46ea8f2db647c786e78d8cc7e4313dbd1b0aca360592d8027b8508e24d",
                "sha256:d52a25136894c63de15a35bc0bdc5adb4b0e173b9c0d07a2be9d3ca64a332735",
                "sha256:d77c85fedff92cf788face9bfa3ebaa364448ebb1d765302e9af11bf449ca36d",
                "sha256:d79d7d5dc8a32b7093e81e97dad755127ff77bcc899e845f41bf71747af0c569",
                "sha256:dbcda74c67263139358f4d188ae5faae95c30929281bc6866d00573783c422b7",
                "sha256:ddaea91abf8b0d13443f6dac52e89051a5063c7d014710dcb4d4abb2ff811a59",
                "sha256:dee0ce50c6a2dd9056c20db781e9c1cfd33e77d2d569f5d1d9321c641bb903d5",
                "sha256:dee60e1de1898bde3b238f18340eec6148986da0455d8ba7848d50470a7a32fb",
                "sha256:e2f83e18fe2f4c9e7db597e988f72712c0c3676d337d8b101f6758107c42425b",
                "sha256:e3fb1677c720409d5f671e39bac6c9e0e422584e5f518bfd50aa4cbbea02433f",
                "sha256:ee2b1b1769f6707a8a445162ea16dddf74285c3964f605877a20e38545c3c462",
                "sha256:ee6acae74a2b91865910eef5e7de37dc6895ad96fa23603d1d27ea69df545015",
                "sha256:ef3f72c9666bba2bab70d2a8b79f2c6d2c1a42a7f7e2b0ec83bb2f9e383950af"
            ],
            "markers": "python_version >= '2.7' and python_version not in '3.0, 3.1, 3.2, 3.3, 3.4'",
            "version": "==1.14.1"
        }
    },
    "develop": {
        "attrs": {
            "hashes": [
                "sha256:29e95c7f6778868dbd49170f98f8818f78f3dc5e0e37c0b1f474e3561b240836",
                "sha256:c9227bfc2f01993c03f68db37d1d15c9690188323c067c641f1a35ca58185f99"
            ],
            "markers": "python_version >= '3.6'",
            "version": "==22.2.0"
        },
        "black": {
            "hashes": [
                "sha256:0052dba51dec07ed029ed61b18183942043e00008ec65d5028814afaab9a22fd",
                "sha256:0680d4380db3719ebcfb2613f34e86c8e6d15ffeabcf8ec59355c5e7b85bb555",
                "sha256:121ca7f10b4a01fd99951234abdbd97728e1240be89fde18480ffac16503d481",
                "sha256:162e37d49e93bd6eb6f1afc3e17a3d23a823042530c37c3c42eeeaf026f38468",
                "sha256:2a951cc83ab535d248c89f300eccbd625e80ab880fbcfb5ac8afb5f01a258ac9",
                "sha256:2bf649fda611c8550ca9d7592b69f0637218c2369b7744694c5e4902873b2f3a",
                "sha256:382998821f58e5c8238d3166c492139573325287820963d2f7de4d518bd76958",
                "sha256:49f7b39e30f326a34b5c9a4213213a6b221d7ae9d58ec70df1c4a307cf2a1580",
                "sha256:57c18c5165c1dbe291d5306e53fb3988122890e57bd9b3dcb75f967f13411a26",
                "sha256:7a0f701d314cfa0896b9001df70a530eb2472babb76086344e688829efd97d32",
                "sha256:8178318cb74f98bc571eef19068f6ab5613b3e59d4f47771582f04e175570ed8",
                "sha256:8b70eb40a78dfac24842458476135f9b99ab952dd3f2dab738c1881a9b38b753",
                "sha256:9880d7d419bb7e709b37e28deb5e68a49227713b623c72b2b931028ea65f619b",
                "sha256:9afd3f493666a0cd8f8df9a0200c6359ac53940cbde049dcb1a7eb6ee2dd7074",
                "sha256:a29650759a6a0944e7cca036674655c2f0f63806ddecc45ed40b7b8aa314b651",
                "sha256:a436e7881d33acaf2536c46a454bb964a50eff59b21b51c6ccf5a40601fbef24",
                "sha256:a59db0a2094d2259c554676403fa2fac3473ccf1354c1c63eccf7ae65aac8ab6",
                "sha256:a8471939da5e824b891b25751955be52ee7f8a30a916d570a5ba8e0f2eb2ecad",
                "sha256:b0bd97bea8903f5a2ba7219257a44e3f1f9d00073d6cc1add68f0beec69692ac",
                "sha256:b6a92a41ee34b883b359998f0c8e6eb8e99803aa8bf3123bf2b2e6fec505a221",
                "sha256:bb460c8561c8c1bec7824ecbc3ce085eb50005883a6203dcfb0122e95797ee06",
                "sha256:bfffba28dc52a58f04492181392ee380e95262af14ee01d4bc7bb1b1c6ca8d27",
                "sha256:c1c476bc7b7d021321e7d93dc2cbd78ce103b84d5a4cf97ed535fbc0d6660648",
                "sha256:c91dfc2c2a4e50df0026f88d2215e166616e0c80e86004d0003ece0488db2739",
                "sha256:e6663f91b6feca5d06f2ccd49a10f254f9298cc1f7f49c46e498a0771b507104"
            ],
            "index": "pypi",
            "version": "==23.1.0"
        },
        "click": {
            "hashes": [
                "sha256:7682dc8afb30297001674575ea00d1814d808d6a36af415a82bd481d37ba7b8e",
                "sha256:bb4d8133cb15a609f44e8213d9b391b0809795062913b383c62be0ee95b1db48"
            ],
            "markers": "python_version >= '3.7'",
            "version": "==8.1.3"
        },
        "colorama": {
            "hashes": [
                "sha256:08695f5cb7ed6e0531a20572697297273c47b8cae5a63ffc6d6ed5c201be6e44",
                "sha256:4f1d9991f5acc0ca119f9d443620b77f9d6b33703e51011c16baf57afb285fc6"
            ],
            "markers": "sys_platform == 'win32'",
            "version": "==0.4.6"
        },
        "exceptiongroup": {
            "hashes": [
                "sha256:327cbda3da756e2de031a3107b81ab7b3770a602c4d16ca618298c526f4bec1e",
                "sha256:bcb67d800a4497e1b404c2dd44fca47d3b7a5e5433dbab67f96c1a685cdfdf23"
            ],
            "markers": "python_version < '3.11'",
            "version": "==1.1.0"
        },
        "iniconfig": {
            "hashes": [
                "sha256:2d91e135bf72d31a410b17c16da610a82cb55f6b0477d1a902134b24a455b8b3",
                "sha256:b6a85871a79d2e3b22d2d1b94ac2824226a63c6b741c88f7ae975f18b6778374"
            ],
            "markers": "python_version >= '3.7'",
            "version": "==2.0.0"
        },
        "mypy-extensions": {
            "hashes": [
                "sha256:4392f6c0eb8a5668a69e23d168ffa70f0be9ccfd32b5cc2d26a34ae5b844552d",
                "sha256:75dbf8955dc00442a438fc4d0666508a9a97b6bd41aa2f0ffe9d2f2725af0782"
            ],
            "markers": "python_version >= '3.5'",
            "version": "==1.0.0"
        },
        "packaging": {
            "hashes": [
                "sha256:714ac14496c3e68c99c29b00845f7a2b85f3bb6f1078fd9f72fd20f0570002b2",
                "sha256:b6ad297f8907de0fa2fe1ccbd26fdaf387f5f47c7275fedf8cce89f99446cf97"
            ],
            "markers": "python_version >= '3.7'",
            "version": "==23.0"
        },
        "pathspec": {
            "hashes": [
                "sha256:3a66eb970cbac598f9e5ccb5b2cf58930cd8e3ed86d393d541eaf2d8b1705229",
                "sha256:64d338d4e0914e91c1792321e6907b5a593f1ab1851de7fc269557a21b30ebbc"
            ],
            "markers": "python_version >= '3.7'",
            "version": "==0.11.0"
        },
        "platformdirs": {
            "hashes": [
                "sha256:8a1228abb1ef82d788f74139988b137e78692984ec7b08eaa6c65f1723af28f9",
                "sha256:b1d5eb14f221506f50d6604a561f4c5786d9e80355219694a1b244bcd96f4567"
            ],
            "markers": "python_version >= '3.7'",
            "version": "==3.0.0"
        },
        "pluggy": {
            "hashes": [
                "sha256:4224373bacce55f955a878bf9cfa763c1e360858e330072059e10bad68531159",
                "sha256:74134bbf457f031a36d68416e1509f34bd5ccc019f0bcc952c7b909d06b37bd3"
            ],
            "markers": "python_version >= '3.6'",
            "version": "==1.0.0"
        },
        "pytest": {
            "hashes": [
                "sha256:c7c6ca206e93355074ae32f7403e8ea12163b1163c976fee7d4d84027c162be5",
                "sha256:d45e0952f3727241918b8fd0f376f5ff6b301cc0777c6f9a556935c92d8a7d42"
            ],
            "index": "pypi",
            "version": "==7.2.1"
        },
        "tomli": {
            "hashes": [
                "sha256:939de3e7a6161af0c887ef91b7d41a53e7c5a1ca976325f429cb46ea9bc30ecc",
                "sha256:de526c12914f0c550d15924c62d72abc48d6fe7364aa87328337a31007fe8a4f"
            ],
            "markers": "python_version < '3.11'",
            "version": "==2.0.1"
        }
    }
}
